// !$*UTF8*$!
{
	archiveVersion = 1;
	classes = {
	};
	objectVersion = 50;
	objects = {

/* Begin PBXBuildFile section */
		350F213024D0D8F80049EF06 /* AppDelegate.swift in Sources */ = {isa = PBXBuildFile; fileRef = 350F212F24D0D8F80049EF06 /* AppDelegate.swift */; };
		350F213224D0D8F80049EF06 /* SceneDelegate.swift in Sources */ = {isa = PBXBuildFile; fileRef = 350F213124D0D8F80049EF06 /* SceneDelegate.swift */; };
		350F213424D0D8F80049EF06 /* ContentView.swift in Sources */ = {isa = PBXBuildFile; fileRef = 350F213324D0D8F80049EF06 /* ContentView.swift */; };
		350F213624D0D8FA0049EF06 /* Assets.xcassets in Resources */ = {isa = PBXBuildFile; fileRef = 350F213524D0D8FA0049EF06 /* Assets.xcassets */; };
		350F213924D0D8FA0049EF06 /* Preview Assets.xcassets in Resources */ = {isa = PBXBuildFile; fileRef = 350F213824D0D8FA0049EF06 /* Preview Assets.xcassets */; };
		350F213C24D0D8FA0049EF06 /* LaunchScreen.storyboard in Resources */ = {isa = PBXBuildFile; fileRef = 350F213A24D0D8FA0049EF06 /* LaunchScreen.storyboard */; };
/* End PBXBuildFile section */

/* Begin PBXFileReference section */
		350F212C24D0D8F80049EF06 /* AvailableiOS14Bug.app */ = {isa = PBXFileReference; explicitFileType = wrapper.application; includeInIndex = 0; path = AvailableiOS14Bug.app; sourceTree = BUILT_PRODUCTS_DIR; };
		350F212F24D0D8F80049EF06 /* AppDelegate.swift */ = {isa = PBXFileReference; lastKnownFileType = sourcecode.swift; path = AppDelegate.swift; sourceTree = "<group>"; };
		350F213124D0D8F80049EF06 /* SceneDelegate.swift */ = {isa = PBXFileReference; lastKnownFileType = sourcecode.swift; path = SceneDelegate.swift; sourceTree = "<group>"; };
		350F213324D0D8F80049EF06 /* ContentView.swift */ = {isa = PBXFileReference; lastKnownFileType = sourcecode.swift; path = ContentView.swift; sourceTree = "<group>"; };
		350F213524D0D8FA0049EF06 /* Assets.xcassets */ = {isa = PBXFileReference; lastKnownFileType = folder.assetcatalog; path = Assets.xcassets; sourceTree = "<group>"; };
		350F213824D0D8FA0049EF06 /* Preview Assets.xcassets */ = {isa = PBXFileReference; lastKnownFileType = folder.assetcatalog; path = "Preview Assets.xcassets"; sourceTree = "<group>"; };
		350F213B24D0D8FA0049EF06 /* Base */ = {isa = PBXFileReference; lastKnownFileType = file.storyboard; name = Base; path = Base.lproj/LaunchScreen.storyboard; sourceTree = "<group>"; };
		350F213D24D0D8FA0049EF06 /* Info.plist */ = {isa = PBXFileReference; lastKnownFileType = text.plist.xml; path = Info.plist; sourceTree = "<group>"; };
/* End PBXFileReference section */

/* Begin PBXFrameworksBuildPhase section */
		350F212924D0D8F80049EF06 /* Frameworks */ = {
			isa = PBXFrameworksBuildPhase;
			buildActionMask = 2147483647;
			files = (
			);
			runOnlyForDeploymentPostprocessing = 0;
		};
/* End PBXFrameworksBuildPhase section */

/* Begin PBXGroup section */
		350F212324D0D8F80049EF06 = {
			isa = PBXGroup;
			children = (
				350F212E24D0D8F80049EF06 /* AvailableiOS14Bug */,
				350F212D24D0D8F80049EF06 /* Products */,
			);
			sourceTree = "<group>";
		};
		350F212D24D0D8F80049EF06 /* Products */ = {
			isa = PBXGroup;
			children = (
				350F212C24D0D8F80049EF06 /* AvailableiOS14Bug.app */,
			);
			name = Products;
			sourceTree = "<group>";
		};
		350F212E24D0D8F80049EF06 /* AvailableiOS14Bug */ = {
			isa = PBXGroup;
			children = (
				350F212F24D0D8F80049EF06 /* AppDelegate.swift */,
				350F213124D0D8F80049EF06 /* SceneDelegate.swift */,
				350F213324D0D8F80049EF06 /* ContentView.swift */,
				350F213524D0D8FA0049EF06 /* Assets.xcassets */,
				350F213A24D0D8FA0049EF06 /* LaunchScreen.storyboard */,
				350F213D24D0D8FA0049EF06 /* Info.plist */,
				350F213724D0D8FA0049EF06 /* Preview Content */,
			);
			path = AvailableiOS14Bug;
			sourceTree = "<group>";
		};
		350F213724D0D8FA0049EF06 /* Preview Content */ = {
			isa = PBXGroup;
			children = (
				350F213824D0D8FA0049EF06 /* Preview Assets.xcassets */,
			);
			path = "Preview Content";
			sourceTree = "<group>";
		};
/* End PBXGroup section */

/* Begin PBXNativeTarget section */
		350F212B24D0D8F80049EF06 /* AvailableiOS14Bug */ = {
			isa = PBXNativeTarget;
			buildConfigurationList = 350F214024D0D8FA0049EF06 /* Build configuration list for PBXNativeTarget "AvailableiOS14Bug" */;
			buildPhases = (
				350F212824D0D8F80049EF06 /* Sources */,
				350F212924D0D8F80049EF06 /* Frameworks */,
				350F212A24D0D8F80049EF06 /* Resources */,
			);
			buildRules = (
			);
			dependencies = (
			);
			name = AvailableiOS14Bug;
			productName = AvailableiOS14Bug;
			productReference = 350F212C24D0D8F80049EF06 /* AvailableiOS14Bug.app */;
			productType = "com.apple.product-type.application";
		};
/* End PBXNativeTarget section */

/* Begin PBXProject section */
		350F212424D0D8F80049EF06 /* Project object */ = {
			isa = PBXProject;
			attributes = {
				LastSwiftUpdateCheck = 1200;
				LastUpgradeCheck = 1200;
				TargetAttributes = {
					350F212B24D0D8F80049EF06 = {
						CreatedOnToolsVersion = 12.0;
					};
				};
			};
			buildConfigurationList = 350F212724D0D8F80049EF06 /* Build configuration list for PBXProject "AvailableiOS14Bug" */;
			compatibilityVersion = "Xcode 9.3";
			developmentRegion = en;
			hasScannedForEncodings = 0;
			knownRegions = (
				en,
				Base,
			);
			mainGroup = 350F212324D0D8F80049EF06;
			productRefGroup = 350F212D24D0D8F80049EF06 /* Products */;
			projectDirPath = "";
			projectRoot = "";
			targets = (
				350F212B24D0D8F80049EF06 /* AvailableiOS14Bug */,
			);
		};
/* End PBXProject section */

/* Begin PBXResourcesBuildPhase section */
		350F212A24D0D8F80049EF06 /* Resources */ = {
			isa = PBXResourcesBuildPhase;
			buildActionMask = 2147483647;
			files = (
				350F213C24D0D8FA0049EF06 /* LaunchScreen.storyboard in Resources */,
				350F213924D0D8FA0049EF06 /* Preview Assets.xcassets in Resources */,
				350F213624D0D8FA0049EF06 /* Assets.xcassets in Resources */,
			);
			runOnlyForDeploymentPostprocessing = 0;
		};
/* End PBXResourcesBuildPhase section */

/* Begin PBXSourcesBuildPhase section */
		350F212824D0D8F80049EF06 /* Sources */ = {
			isa = PBXSourcesBuildPhase;
			buildActionMask = 2147483647;
			files = (
				350F213024D0D8F80049EF06 /* AppDelegate.swift in Sources */,
				350F213224D0D8F80049EF06 /* SceneDelegate.swift in Sources */,
				350F213424D0D8F80049EF06 /* ContentView.swift in Sources */,
			);
			runOnlyForDeploymentPostprocessing = 0;
		};
/* End PBXSourcesBuildPhase section */

/* Begin PBXVariantGroup section */
		350F213A24D0D8FA0049EF06 /* LaunchScreen.storyboard */ = {
			isa = PBXVariantGroup;
			children = (
				350F213B24D0D8FA0049EF06 /* Base */,
			);
			name = LaunchScreen.storyboard;
			sourceTree = "<group>";
		};
/* End PBXVariantGroup section */

/* Begin XCBuildConfiguration section */
		350F213E24D0D8FA0049EF06 /* Debug */ = {
			isa = XCBuildConfiguration;
			buildSettings = {
				ALWAYS_SEARCH_USER_PATHS = NO;
				CLANG_ANALYZER_NONNULL = YES;
				CLANG_ANALYZER_NUMBER_OBJECT_CONVERSION = YES_AGGRESSIVE;
				CLANG_CXX_LANGUAGE_STANDARD = "gnu++14";
				CLANG_CXX_LIBRARY = "libc++";
				CLANG_ENABLE_MODULES = YES;
				CLANG_ENABLE_OBJC_ARC = YES;
				CLANG_ENABLE_OBJC_WEAK = YES;
				CLANG_WARN_BLOCK_CAPTURE_AUTORELEASING = YES;
				CLANG_WARN_BOOL_CONVERSION = YES;
				CLANG_WARN_COMMA = YES;
				CLANG_WARN_CONSTANT_CONVERSION = YES;
				CLANG_WARN_DEPRECATED_OBJC_IMPLEMENTATIONS = YES;
				CLANG_WARN_DIRECT_OBJC_ISA_USAGE = YES_ERROR;
				CLANG_WARN_DOCUMENTATION_COMMENTS = YES;
				CLANG_WARN_EMPTY_BODY = YES;
				CLANG_WARN_ENUM_CONVERSION = YES;
				CLANG_WARN_INFINITE_RECURSION = YES;
				CLANG_WARN_INT_CONVERSION = YES;
				CLANG_WARN_NON_LITERAL_NULL_CONVERSION = YES;
				CLANG_WARN_OBJC_IMPLICIT_RETAIN_SELF = YES;
				CLANG_WARN_OBJC_LITERAL_CONVERSION = YES;
				CLANG_WARN_OBJC_ROOT_CLASS = YES_ERROR;
				CLANG_WARN_QUOTED_INCLUDE_IN_FRAMEWORK_HEADER = YES;
				CLANG_WARN_RANGE_LOOP_ANALYSIS = YES;
				CLANG_WARN_STRICT_PROTOTYPES = YES;
				CLANG_WARN_SUSPICIOUS_MOVE = YES;
				CLANG_WARN_UNGUARDED_AVAILABILITY = YES_AGGRESSIVE;
				CLANG_WARN_UNREACHABLE_CODE = YES;
				CLANG_WARN__DUPLICATE_METHOD_MATCH = YES;
				COPY_PHASE_STRIP = NO;
				DEBUG_INFORMATION_FORMAT = dwarf;
				ENABLE_STRICT_OBJC_MSGSEND = YES;
				ENABLE_TESTABILITY = YES;
				GCC_C_LANGUAGE_STANDARD = gnu11;
				GCC_DYNAMIC_NO_PIC = NO;
				GCC_NO_COMMON_BLOCKS = YES;
				GCC_OPTIMIZATION_LEVEL = 0;
				GCC_PREPROCESSOR_DEFINITIONS = (
					"DEBUG=1",
					"$(inherited)",
				);
				GCC_WARN_64_TO_32_BIT_CONVERSION = YES;
				GCC_WARN_ABOUT_RETURN_TYPE = YES_ERROR;
				GCC_WARN_UNDECLARED_SELECTOR = YES;
				GCC_WARN_UNINITIALIZED_AUTOS = YES_AGGRESSIVE;
				GCC_WARN_UNUSED_FUNCTION = YES;
				GCC_WARN_UNUSED_VARIABLE = YES;
				IPHONEOS_DEPLOYMENT_TARGET = 14.0;
				MTL_ENABLE_DEBUG_INFO = INCLUDE_SOURCE;
				MTL_FAST_MATH = YES;
				ONLY_ACTIVE_ARCH = YES;
				SDKROOT = iphoneos;
				SWIFT_ACTIVE_COMPILATION_CONDITIONS = DEBUG;
				SWIFT_OPTIMIZATION_LEVEL = "-Onone";
			};
			name = Debug;
		};
		350F213F24D0D8FA0049EF06 /* Release */ = {
			isa = XCBuildConfiguration;
			buildSettings = {
				ALWAYS_SEARCH_USER_PATHS = NO;
				CLANG_ANALYZER_NONNULL = YES;
				CLANG_ANALYZER_NUMBER_OBJECT_CONVERSION = YES_AGGRESSIVE;
				CLANG_CXX_LANGUAGE_STANDARD = "gnu++14";
				CLANG_CXX_LIBRARY = "libc++";
				CLANG_ENABLE_MODULES = YES;
				CLANG_ENABLE_OBJC_ARC = YES;
				CLANG_ENABLE_OBJC_WEAK = YES;
				CLANG_WARN_BLOCK_CAPTURE_AUTORELEASING = YES;
				CLANG_WARN_BOOL_CONVERSION = YES;
				CLANG_WARN_COMMA = YES;
				CLANG_WARN_CONSTANT_CONVERSION = YES;
				CLANG_WARN_DEPRECATED_OBJC_IMPLEMENTATIONS = YES;
				CLANG_WARN_DIRECT_OBJC_ISA_USAGE = YES_ERROR;
				CLANG_WARN_DOCUMENTATION_COMMENTS = YES;
				CLANG_WARN_EMPTY_BODY = YES;
				CLANG_WARN_ENUM_CONVERSION = YES;
				CLANG_WARN_INFINITE_RECURSION = YES;
				CLANG_WARN_INT_CONVERSION = YES;
				CLANG_WARN_NON_LITERAL_NULL_CONVERSION = YES;
				CLANG_WARN_OBJC_IMPLICIT_RETAIN_SELF = YES;
				CLANG_WARN_OBJC_LITERAL_CONVERSION = YES;
				CLANG_WARN_OBJC_ROOT_CLASS = YES_ERROR;
				CLANG_WARN_QUOTED_INCLUDE_IN_FRAMEWORK_HEADER = YES;
				CLANG_WARN_RANGE_LOOP_ANALYSIS = YES;
				CLANG_WARN_STRICT_PROTOTYPES = YES;
				CLANG_WARN_SUSPICIOUS_MOVE = YES;
				CLANG_WARN_UNGUARDED_AVAILABILITY = YES_AGGRESSIVE;
				CLANG_WARN_UNREACHABLE_CODE = YES;
				CLANG_WARN__DUPLICATE_METHOD_MATCH = YES;
				COPY_PHASE_STRIP = NO;
				DEBUG_INFORMATION_FORMAT = "dwarf-with-dsym";
				ENABLE_NS_ASSERTIONS = NO;
				ENABLE_STRICT_OBJC_MSGSEND = YES;
				GCC_C_LANGUAGE_STANDARD = gnu11;
				GCC_NO_COMMON_BLOCKS = YES;
				GCC_WARN_64_TO_32_BIT_CONVERSION = YES;
				GCC_WARN_ABOUT_RETURN_TYPE = YES_ERROR;
				GCC_WARN_UNDECLARED_SELECTOR = YES;
				GCC_WARN_UNINITIALIZED_AUTOS = YES_AGGRESSIVE;
				GCC_WARN_UNUSED_FUNCTION = YES;
				GCC_WARN_UNUSED_VARIABLE = YES;
				IPHONEOS_DEPLOYMENT_TARGET = 14.0;
				MTL_ENABLE_DEBUG_INFO = NO;
				MTL_FAST_MATH = YES;
				SDKROOT = iphoneos;
				SWIFT_COMPILATION_MODE = wholemodule;
				SWIFT_OPTIMIZATION_LEVEL = "-O";
				VALIDATE_PRODUCT = YES;
			};
			name = Release;
		};
		350F214124D0D8FA0049EF06 /* Debug */ = {
			isa = XCBuildConfiguration;
			buildSettings = {
				ASSETCATALOG_COMPILER_APPICON_NAME = AppIcon;
				ASSETCATALOG_COMPILER_GLOBAL_ACCENT_COLOR_NAME = AccentColor;
				CODE_SIGN_STYLE = Automatic;
				DEVELOPMENT_ASSET_PATHS = "\"AvailableiOS14Bug/Preview Content\"";
				DEVELOPMENT_TEAM = WT2BYWJSRV;
				ENABLE_PREVIEWS = YES;
				INFOPLIST_FILE = AvailableiOS14Bug/Info.plist;
				IPHONEOS_DEPLOYMENT_TARGET = 13.5;
				LD_RUNPATH_SEARCH_PATHS = (
					"$(inherited)",
					"@executable_path/Frameworks",
				);
				PRODUCT_BUNDLE_IDENTIFIER = com.2230969.alberta.ltd.AvailableiOS14Bug;
				PRODUCT_NAME = "$(TARGET_NAME)";
				SWIFT_VERSION = 5.0;
				TARGETED_DEVICE_FAMILY = "1,2";
			};
			name = Debug;
		};
		350F214224D0D8FA0049EF06 /* Release */ = {
			isa = XCBuildConfiguration;
			buildSettings = {
				ASSETCATALOG_COMPILER_APPICON_NAME = AppIcon;
				ASSETCATALOG_COMPILER_GLOBAL_ACCENT_COLOR_NAME = AccentColor;
				CODE_SIGN_STYLE = Automatic;
				DEVELOPMENT_ASSET_PATHS = "\"AvailableiOS14Bug/Preview Content\"";
				DEVELOPMENT_TEAM = WT2BYWJSRV;
				ENABLE_PREVIEWS = YES;
				INFOPLIST_FILE = AvailableiOS14Bug/Info.plist;
				IPHONEOS_DEPLOYMENT_TARGET = 13.5;
				LD_RUNPATH_SEARCH_PATHS = (
					"$(inherited)",
					"@executable_path/Frameworks",
				);
				PRODUCT_BUNDLE_IDENTIFIER = com.2230969.alberta.ltd.AvailableiOS14Bug;
				PRODUCT_NAME = "$(TARGET_NAME)";
				SWIFT_VERSION = 5.0;
				TARGETED_DEVICE_FAMILY = "1,2";
			};
			name = Release;
		};
/* End XCBuildConfiguration section */

/* Begin XCConfigurationList section */
		350F212724D0D8F80049EF06 /* Build configuration list for PBXProject "AvailableiOS14Bug" */ = {
			isa = XCConfigurationList;
			buildConfigurations = (
				350F213E24D0D8FA0049EF06 /* Debug */,
				350F213F24D0D8FA0049EF06 /* Release */,
			);
			defaultConfigurationIsVisible = 0;
			defaultConfigurationName = Release;
		};
		350F214024D0D8FA0049EF06 /* Build configuration list for PBXNativeTarget "AvailableiOS14Bug" */ = {
			isa = XCConfigurationList;
			buildConfigurations = (
				350F214124D0D8FA0049EF06 /* Debug */,
				350F214224D0D8FA0049EF06 /* Release */,
			);
			defaultConfigurationIsVisible = 0;
			defaultConfigurationName = Release;
		};
/* End XCConfigurationList section */
	};
	rootObject = 350F212424D0D8F80049EF06 /* Project object */;
}
